{
  "name": "ssml-check",
  "version": "0.4.4",
  "lockfileVersion": 2,
  "requires": true,
  "packages": {
    "": {
      "name": "ssml-check",
      "version": "0.4.4",
      "license": "MIT",
      "dependencies": {
        "music-metadata": "^3.5.3",
        "ssml-check-core": "^0.3.7",
        "xml-js": "^1.6.11"
      }
    },
    "node_modules/debug": {
      "version": "4.1.1",
      "resolved": "https://registry.npmjs.org/debug/-/debug-4.1.1.tgz",
      "integrity": "sha512-pYAIzeRo8J6KPEaJ0VWOh5Pzkbw/RetuzehGM7QRRX5he4fPHx2rdKMB256ehJCkX+XRQm16eZLqLNS8RSZXZw==",
      "deprecated": "Debug versions >=3.2.0 <3.2.7 || >=4 <4.3.1 have a low-severity ReDos regression when used in a Node.js environment. It is recommended you upgrade to 3.2.7 or 4.3.1. (https://github.com/visionmedia/debug/issues/797)",
      "dependencies": {
        "ms": "^2.1.1"
      }
    },
    "node_modules/file-type": {
      "version": "10.10.0",
      "resolved": "https://registry.npmjs.org/file-type/-/file-type-10.10.0.tgz",
      "integrity": "sha512-3CTQE/db3dnK2jsfd4XiXMKw9nD0QVEMRLdBzqYDRr5BvYMUccDpP8hMc1uPb1VZ9Iw/cAJjYPNwJ5UzxGqsRg==",
      "engines": {
        "node": ">=6"
      }
    },
    "node_modules/media-typer": {
      "version": "0.3.0",
      "resolved": "https://registry.npmjs.org/media-typer/-/media-typer-0.3.0.tgz",
      "integrity": "sha1-hxDXrwqmJvj/+hzgAWhUUmMlV0g=",
      "engines": {
        "node": ">= 0.6"
      }
    },
    "node_modules/ms": {
      "version": "2.1.1",
      "resolved": "https://registry.npmjs.org/ms/-/ms-2.1.1.tgz",
      "integrity": "sha512-tgp+dl5cGk28utYktBsrFqA7HKgrhgPsg6Z/EfhWI4gl1Hwq8B/GmY/0oXZ6nF8hDVesS/FpnYaD/kOWhYQvyg=="
    },
    "node_modules/music-metadata": {
      "version": "3.5.3",
      "resolved": "https://registry.npmjs.org/music-metadata/-/music-metadata-3.5.3.tgz",
      "integrity": "sha512-kATkJEzDMZsCbpP8/ebt3iyEuPjHy0QEk8NH4rguPZApj5a4kayK7eMqWtAbV1Z/AuLTYyheMd5qQnd1U9D7Og==",
      "dependencies": {
        "debug": "^4.1.0",
        "file-type": "^10.5.0",
        "media-typer": "0.3.0",
        "strtok3": "^2.3.0",
        "token-types": "^1.0.1"
      },
      "engines": {
        "node": "*"
      }
    },
    "node_modules/sax": {
      "version": "1.2.4",
      "resolved": "https://registry.npmjs.org/sax/-/sax-1.2.4.tgz",
      "integrity": "sha512-NqVDv9TpANUjFm0N8uM5GxL36UgKi9/atZw+x7YFnQ8ckwFGKrl4xX4yWtrey3UJm5nP1kUbnYgLopqWNSRhWw=="
    },
    "node_modules/ssml-check-core": {
      "version": "0.3.7",
      "resolved": "https://registry.npmjs.org/ssml-check-core/-/ssml-check-core-0.3.7.tgz",
      "integrity": "sha512-kxbGGdtAM0u4RPyPURVx+chSdwkNiSBRnvfDu5m3o0T1+9R7iJLDdcLsM4C+Mw9pFzRkFNKhccKN9wkj9RLPDg==",
      "dependencies": {
        "xml-js": "^1.6.11"
      }
    },
    "node_modules/strtok3": {
      "version": "2.3.0",
      "resolved": "https://registry.npmjs.org/strtok3/-/strtok3-2.3.0.tgz",
      "integrity": "sha512-AA67/1atBh7X0fUTDevjW89by2ZkY9RZAnkwusx5Yc1COYf0ruUbpYOOIs03SnRA1CF9K3+BtRXKOEtKhAXVaQ==",
      "dependencies": {
        "debug": "^4.1.0",
        "then-read-stream": "^1.5.0",
        "token-types": "^1.0.1"
      },
      "engines": {
        "node": ">=0.1.98"
      }
    },
    "node_modules/then-read-stream": {
      "version": "1.5.0",
      "resolved": "https://registry.npmjs.org/then-read-stream/-/then-read-stream-1.5.0.tgz",
      "integrity": "sha512-Qu+Dp3G28GBmewssIjoRwcmdnsymjdSFt17s8qAajQKesBjLoRAj3VgWftiLSC5CJV6PEYOS0d45WGTJp8QFxQ==",
      "deprecated": "Package renamed to peak-readable.",
      "engines": {
        "node": ">=0.1.98"
      }
    },
    "node_modules/token-types": {
      "version": "1.0.1",
      "resolved": "https://registry.npmjs.org/token-types/-/token-types-1.0.1.tgz",
      "integrity": "sha512-Q2yPT4GA4gmIAgUrL9O9LRzKFKJ8FA1P5eiOfC2eH+IZMSJVQBCML1SOooeRicIIvTr/UZuTAX5PqMzgBXJOvg==",
      "engines": {
        "node": ">=0.1.98"
      }
    },
    "node_modules/xml-js": {
      "version": "1.6.11",
      "resolved": "https://registry.npmjs.org/xml-js/-/xml-js-1.6.11.tgz",
      "integrity": "sha512-7rVi2KMfwfWFl+GpPg6m80IVMWXLRjO+PxTq7V2CDhoGak0wzYzFgUY2m4XJ47OGdXd8eLE8EmwfAmdjw7lC1g==",
      "dependencies": {
        "sax": "^1.2.4"
      },
      "bin": {
        "xml-js": "bin/cli.js"
      }
    }
  },
  "dependencies": {
    "debug": {
      "version": "4.1.1",
      "resolved": "https://registry.npmjs.org/debug/-/debug-4.1.1.tgz",
      "integrity": "sha512-pYAIzeRo8J6KPEaJ0VWOh5Pzkbw/RetuzehGM7QRRX5he4fPHx2rdKMB256ehJCkX+XRQm16eZLqLNS8RSZXZw==",
      "requires": {
        "ms": "^2.1.1"
      }
    },
    "file-type": {
      "version": "10.10.0",
      "resolved": "https://registry.npmjs.org/file-type/-/file-type-10.10.0.tgz",
      "integrity": "sha512-3CTQE/db3dnK2jsfd4XiXMKw9nD0QVEMRLdBzqYDRr5BvYMUccDpP8hMc1uPb1VZ9Iw/cAJjYPNwJ5UzxGqsRg=="
    },
    "media-typer": {
      "version": "0.3.0",
      "resolved": "https://registry.npmjs.org/media-typer/-/media-typer-0.3.0.tgz",
      "integrity": "sha1-hxDXrwqmJvj/+hzgAWhUUmMlV0g="
    },
    "ms": {
      "version": "2.1.1",
      "resolved": "https://registry.npmjs.org/ms/-/ms-2.1.1.tgz",
      "integrity": "sha512-tgp+dl5cGk28utYktBsrFqA7HKgrhgPsg6Z/EfhWI4gl1Hwq8B/GmY/0oXZ6nF8hDVesS/FpnYaD/kOWhYQvyg=="
    },
    "music-metadata": {
      "version": "3.5.3",
      "resolved": "https://registry.npmjs.org/music-metadata/-/music-metadata-3.5.3.tgz",
      "integrity": "sha512-kATkJEzDMZsCbpP8/ebt3iyEuPjHy0QEk8NH4rguPZApj5a4kayK7eMqWtAbV1Z/AuLTYyheMd5qQnd1U9D7Og==",
      "requires": {
        "debug": "^4.1.0",
        "file-type": "^10.5.0",
        "media-typer": "0.3.0",
        "strtok3": "^2.3.0",
        "token-types": "^1.0.1"
      }
    },
    "sax": {
      "version": "1.2.4",
      "resolved": "https://registry.npmjs.org/sax/-/sax-1.2.4.tgz",
      "integrity": "sha512-NqVDv9TpANUjFm0N8uM5GxL36UgKi9/atZw+x7YFnQ8ckwFGKrl4xX4yWtrey3UJm5nP1kUbnYgLopqWNSRhWw=="
    },
    "ssml-check-core": {
      "version": "0.3.7",
      "resolved": "https://registry.npmjs.org/ssml-check-core/-/ssml-check-core-0.3.7.tgz",
      "integrity": "sha512-kxbGGdtAM0u4RPyPURVx+chSdwkNiSBRnvfDu5m3o0T1+9R7iJLDdcLsM4C+Mw9pFzRkFNKhccKN9wkj9RLPDg==",
      "requires": {
        "xml-js": "^1.6.11"
      }
    },
    "strtok3": {
      "version": "2.3.0",
      "resolved": "https://registry.npmjs.org/strtok3/-/strtok3-2.3.0.tgz",
      "integrity": "sha512-AA67/1atBh7X0fUTDevjW89by2ZkY9RZAnkwusx5Yc1COYf0ruUbpYOOIs03SnRA1CF9K3+BtRXKOEtKhAXVaQ==",
      "requires": {
        "debug": "^4.1.0",
        "then-read-stream": "^1.5.0",
        "token-types": "^1.0.1"
      }
    },
    "then-read-stream": {
      "version": "1.5.0",
      "resolved": "https://registry.npmjs.org/then-read-stream/-/then-read-stream-1.5.0.tgz",
      "integrity": "sha512-Qu+Dp3G28GBmewssIjoRwcmdnsymjdSFt17s8qAajQKesBjLoRAj3VgWftiLSC5CJV6PEYOS0d45WGTJp8QFxQ=="
    },
    "token-types": {
      "version": "1.0.1",
      "resolved": "https://registry.npmjs.org/token-types/-/token-types-1.0.1.tgz",
      "integrity": "sha512-Q2yPT4GA4gmIAgUrL9O9LRzKFKJ8FA1P5eiOfC2eH+IZMSJVQBCML1SOooeRicIIvTr/UZuTAX5PqMzgBXJOvg=="
    },
    "xml-js": {
      "version": "1.6.11",
      "resolved": "https://registry.npmjs.org/xml-js/-/xml-js-1.6.11.tgz",
      "integrity": "sha512-7rVi2KMfwfWFl+GpPg6m80IVMWXLRjO+PxTq7V2CDhoGak0wzYzFgUY2m4XJ47OGdXd8eLE8EmwfAmdjw7lC1g==",
      "requires": {
        "sax": "^1.2.4"
      }
    }
  }
}
