{
  "name": "ssml-check",
  "version": "0.2.0",
  "lockfileVersion": 1,
  "requires": true,
  "dependencies": {
    "get-mp3-duration": {
      "version": "1.0.0",
      "resolved": "https://registry.npmjs.org/get-mp3-duration/-/get-mp3-duration-1.0.0.tgz",
      "integrity": "sha1-Rx78oPnkkw54ZgFvYHhYL0zpNMs="
    },
    "mp3-header": {
      "version": "0.1.3",
      "resolved": "https://registry.npmjs.org/mp3-header/-/mp3-header-0.1.3.tgz",
      "integrity": "sha1-hlKFhHTE1Vb8z8N56yRcUetO19E="
    },
    "sax": {
      "version": "1.2.4",
      "resolved": "https://registry.npmjs.org/sax/-/sax-1.2.4.tgz",
      "integrity": "sha512-NqVDv9TpANUjFm0N8uM5GxL36UgKi9/atZw+x7YFnQ8ckwFGKrl4xX4yWtrey3UJm5nP1kUbnYgLopqWNSRhWw=="
    },
    "xml-js": {
      "version": "1.6.11",
      "resolved": "https://registry.npmjs.org/xml-js/-/xml-js-1.6.11.tgz",
      "integrity": "sha512-7rVi2KMfwfWFl+GpPg6m80IVMWXLRjO+PxTq7V2CDhoGak0wzYzFgUY2m4XJ47OGdXd8eLE8EmwfAmdjw7lC1g==",
      "requires": {
        "sax": "^1.2.4"
      }
    }
  }
}
